
Microsoft Visual Studio Solution File, Format Version 12.00
# Visual Studio Version 16
VisualStudioVersion = 16.0.32630.194
MinimumVisualStudioVersion = 10.0.40219.1
Project("{FAE04EC0-301F-11D3-BF4B-00C04F79EFBC}") = "Stopwatch", "Stopwatch\Stopwatch.csproj", "{31D90B0D-D6C3-4AF1-80EA-1E4A70D50256}"
EndProject
Global
	GlobalSection(SolutionConfigurationPlatforms) = preSolution
		Debug|Any CPU = Debug|Any CPU
		Release|Any CPU = Release|Any CPU
	EndGlobalSection
	GlobalSection(ProjectConfigurationPlatforms) = postSolution
		{31D90B0D-D6C3-4AF1-80EA-1E4A70D50256}.Debug|Any CPU.ActiveCfg = Debug|Any CPU
		{31D90B0D-D6C3-4AF1-80EA-1E4A70D50256}.Debug|Any CPU.Build.0 = Debug|Any CPU
		{31D90B0D-D6C3-4AF1-80EA-1E4A70D50256}.Release|Any CPU.ActiveCfg = Release|Any CPU
		{31D90B0D-D6C3-4AF1-80EA-1E4A70D50256}.Release|Any CPU.Build.0 = Release|Any CPU
	EndGlobalSection
	GlobalSection(SolutionProperties) = preSolution
		HideSolutionNode = FALSE
	EndGlobalSection
	GlobalSection(ExtensibilityGlobals) = postSolution
		SolutionGuid = {639C97A0-2C69-434E-B306-83B93A00C7BD}
	EndGlobalSection
EndGlobal
